
Microsoft Visual Studio Solution File, Format Version 12.00
# Visual Studio Version 16
VisualStudioVersion = 16.0.28803.202
MinimumVisualStudioVersion = 10.0.40219.1
Project("{8BC9CEB8-8B4A-11D0-8D11-00A0C91BC942}") = "DxBalls2D", "DxBalls2D\DxBalls2D.vcxproj", "{C7DAF35E-A074-43ED-9889-92B40E8DE133}"
EndProject
Project("{2150E333-8FDC-42A3-9474-1A3956D46DE8}") = "TinyDxEngine", "TinyDxEngine", "{CF8CCB99-C34E-4DE0-A176-2040D5BE6EBC}"
EndProject
Project("{8BC9CEB8-8B4A-11D0-8D11-00A0C91BC942}") = "TinyDxEngine.app", "Submodules\TinyDxEngine.app\TinyDxEngine.app.vcxproj", "{79773DA1-66DF-484C-9DE2-B8C7FB25CE8B}"
EndProject
Project("{8BC9CEB8-8B4A-11D0-8D11-00A0C91BC942}") = "TinyDxEngine.base", "Submodules\TinyDxEngine.base\TinyDxEngine.base.vcxproj", "{35E45AF9-7B71-4CC6-873D-D08533D93799}"
EndProject
Project("{8BC9CEB8-8B4A-11D0-8D11-00A0C91BC942}") = "TinyDxEngine.gfx", "Submodules\TinyDxEngine.gfx\TinyDxEngine.gfx.vcxproj", "{99745BF5-7E15-43E2-895D-EB075081BC64}"
EndProject
Project("{2150E333-8FDC-42A3-9474-1A3956D46DE8}") = "External", "External", "{49FE3DED-F2D6-4DFB-8B10-527160EE4AD7}"
EndProject
Project("{8BC9CEB8-8B4A-11D0-8D11-00A0C91BC942}") = "DirectXTK.lib", "Submodules\External\DirectXTK.lib\DirectXTK.lib.vcxproj", "{E0B52AE7-E160-4D32-BF3F-910B785E5A8E}"
EndProject
Project("{8BC9CEB8-8B4A-11D0-8D11-00A0C91BC942}") = "imgui.lib", "Submodules\External\imgui.lib\imgui.lib.vcxproj", "{21758F87-005E-43EB-B125-52AE366C4C32}"
EndProject
Global
	GlobalSection(SolutionConfigurationPlatforms) = preSolution
		Debug|x64 = Debug|x64
		Debug|x86 = Debug|x86
		Release|x64 = Release|x64
		Release|x86 = Release|x86
	EndGlobalSection
	GlobalSection(ProjectConfigurationPlatforms) = postSolution
		{C7DAF35E-A074-43ED-9889-92B40E8DE133}.Debug|x64.ActiveCfg = Debug|x64
		{C7DAF35E-A074-43ED-9889-92B40E8DE133}.Debug|x64.Build.0 = Debug|x64
		{C7DAF35E-A074-43ED-9889-92B40E8DE133}.Debug|x86.ActiveCfg = Debug|Win32
		{C7DAF35E-A074-43ED-9889-92B40E8DE133}.Debug|x86.Build.0 = Debug|Win32
		{C7DAF35E-A074-43ED-9889-92B40E8DE133}.Release|x64.ActiveCfg = Release|x64
		{C7DAF35E-A074-43ED-9889-92B40E8DE133}.Release|x64.Build.0 = Release|x64
		{C7DAF35E-A074-43ED-9889-92B40E8DE133}.Release|x86.ActiveCfg = Release|Win32
		{C7DAF35E-A074-43ED-9889-92B40E8DE133}.Release|x86.Build.0 = Release|Win32
		{79773DA1-66DF-484C-9DE2-B8C7FB25CE8B}.Debug|x64.ActiveCfg = Debug|x64
		{79773DA1-66DF-484C-9DE2-B8C7FB25CE8B}.Debug|x64.Build.0 = Debug|x64
		{79773DA1-66DF-484C-9DE2-B8C7FB25CE8B}.Debug|x86.ActiveCfg = Debug|Win32
		{79773DA1-66DF-484C-9DE2-B8C7FB25CE8B}.Debug|x86.Build.0 = Debug|Win32
		{79773DA1-66DF-484C-9DE2-B8C7FB25CE8B}.Release|x64.ActiveCfg = Release|x64
		{79773DA1-66DF-484C-9DE2-B8C7FB25CE8B}.Release|x64.Build.0 = Release|x64
		{79773DA1-66DF-484C-9DE2-B8C7FB25CE8B}.Release|x86.ActiveCfg = Release|Win32
		{79773DA1-66DF-484C-9DE2-B8C7FB25CE8B}.Release|x86.Build.0 = Release|Win32
		{35E45AF9-7B71-4CC6-873D-D08533D93799}.Debug|x64.ActiveCfg = Debug|x64
		{35E45AF9-7B71-4CC6-873D-D08533D93799}.Debug|x64.Build.0 = Debug|x64
		{35E45AF9-7B71-4CC6-873D-D08533D93799}.Debug|x86.ActiveCfg = Debug|Win32
		{35E45AF9-7B71-4CC6-873D-D08533D93799}.Debug|x86.Build.0 = Debug|Win32
		{35E45AF9-7B71-4CC6-873D-D08533D93799}.Release|x64.ActiveCfg = Release|x64
		{35E45AF9-7B71-4CC6-873D-D08533D93799}.Release|x64.Build.0 = Release|x64
		{35E45AF9-7B71-4CC6-873D-D08533D93799}.Release|x86.ActiveCfg = Release|Win32
		{35E45AF9-7B71-4CC6-873D-D08533D93799}.Release|x86.Build.0 = Release|Win32
		{99745BF5-7E15-43E2-895D-EB075081BC64}.Debug|x64.ActiveCfg = Debug|x64
		{99745BF5-7E15-43E2-895D-EB075081BC64}.Debug|x64.Build.0 = Debug|x64
		{99745BF5-7E15-43E2-895D-EB075081BC64}.Debug|x86.ActiveCfg = Debug|Win32
		{99745BF5-7E15-43E2-895D-EB075081BC64}.Debug|x86.Build.0 = Debug|Win32
		{99745BF5-7E15-43E2-895D-EB075081BC64}.Release|x64.ActiveCfg = Release|x64
		{99745BF5-7E15-43E2-895D-EB075081BC64}.Release|x64.Build.0 = Release|x64
		{99745BF5-7E15-43E2-895D-EB075081BC64}.Release|x86.ActiveCfg = Release|Win32
		{99745BF5-7E15-43E2-895D-EB075081BC64}.Release|x86.Build.0 = Release|Win32
		{E0B52AE7-E160-4D32-BF3F-910B785E5A8E}.Debug|x64.ActiveCfg = Debug|x64
		{E0B52AE7-E160-4D32-BF3F-910B785E5A8E}.Debug|x64.Build.0 = Debug|x64
		{E0B52AE7-E160-4D32-BF3F-910B785E5A8E}.Debug|x86.ActiveCfg = Debug|Win32
		{E0B52AE7-E160-4D32-BF3F-910B785E5A8E}.Debug|x86.Build.0 = Debug|Win32
		{E0B52AE7-E160-4D32-BF3F-910B785E5A8E}.Release|x64.ActiveCfg = Release|x64
		{E0B52AE7-E160-4D32-BF3F-910B785E5A8E}.Release|x64.Build.0 = Release|x64
		{E0B52AE7-E160-4D32-BF3F-910B785E5A8E}.Release|x86.ActiveCfg = Release|Win32
		{E0B52AE7-E160-4D32-BF3F-910B785E5A8E}.Release|x86.Build.0 = Release|Win32
		{21758F87-005E-43EB-B125-52AE366C4C32}.Debug|x64.ActiveCfg = Debug|x64
		{21758F87-005E-43EB-B125-52AE366C4C32}.Debug|x64.Build.0 = Debug|x64
		{21758F87-005E-43EB-B125-52AE366C4C32}.Debug|x86.ActiveCfg = Debug|Win32
		{21758F87-005E-43EB-B125-52AE366C4C32}.Debug|x86.Build.0 = Debug|Win32
		{21758F87-005E-43EB-B125-52AE366C4C32}.Release|x64.ActiveCfg = Release|x64
		{21758F87-005E-43EB-B125-52AE366C4C32}.Release|x64.Build.0 = Release|x64
		{21758F87-005E-43EB-B125-52AE366C4C32}.Release|x86.ActiveCfg = Release|Win32
		{21758F87-005E-43EB-B125-52AE366C4C32}.Release|x86.Build.0 = Release|Win32
	EndGlobalSection
	GlobalSection(SolutionProperties) = preSolution
		HideSolutionNode = FALSE
	EndGlobalSection
	GlobalSection(NestedProjects) = preSolution
		{79773DA1-66DF-484C-9DE2-B8C7FB25CE8B} = {CF8CCB99-C34E-4DE0-A176-2040D5BE6EBC}
		{49FE3DED-F2D6-4DFB-8B10-527160EE4AD7} = {CF8CCB99-C34E-4DE0-A176-2040D5BE6EBC}
		{35E45AF9-7B71-4CC6-873D-D08533D93799} = {CF8CCB99-C34E-4DE0-A176-2040D5BE6EBC}
		{99745BF5-7E15-43E2-895D-EB075081BC64} = {CF8CCB99-C34E-4DE0-A176-2040D5BE6EBC}
		{E0B52AE7-E160-4D32-BF3F-910B785E5A8E} = {49FE3DED-F2D6-4DFB-8B10-527160EE4AD7}
		{21758F87-005E-43EB-B125-52AE366C4C32} = {49FE3DED-F2D6-4DFB-8B10-527160EE4AD7}
	EndGlobalSection
	GlobalSection(ExtensibilityGlobals) = postSolution
		SolutionGuid = {DED7421C-E8B2-4205-AC41-26BA80A4732F}
	EndGlobalSection
EndGlobal
